// !$*UTF8*$!
{
	archiveVersion = 1;
	classes = {
	};
	objectVersion = 46;
	objects = {

/* Begin PBXBuildFile section */
		14143DB822598968008E8ACF /* hw07.cpp in Sources */ = {isa = PBXBuildFile; fileRef = 14143DB722598968008E8ACF /* hw07.cpp */; };
		1477CAD3226288FC003216E1 /* Noble.cpp in Sources */ = {isa = PBXBuildFile; fileRef = 1477CAD1226288FC003216E1 /* Noble.cpp */; };
		1477CAD622628963003216E1 /* Protector.cpp in Sources */ = {isa = PBXBuildFile; fileRef = 1477CAD422628963003216E1 /* Protector.cpp */; };
/* End PBXBuildFile section */

/* Begin PBXCopyFilesBuildPhase section */
		14143DB222598968008E8ACF /* CopyFiles */ = {
			isa = PBXCopyFilesBuildPhase;
			buildActionMask = 2147483647;
			dstPath = /usr/share/man/man1/;
			dstSubfolderSpec = 0;
			files = (
			);
			runOnlyForDeploymentPostprocessing = 1;
		};
/* End PBXCopyFilesBuildPhase section */

/* Begin PBXFileReference section */
		14143DB422598968008E8ACF /* her277_hw7 */ = {isa = PBXFileReference; explicitFileType = "compiled.mach-o.executable"; includeInIndex = 0; path = her277_hw7; sourceTree = BUILT_PRODUCTS_DIR; };
		14143DB722598968008E8ACF /* hw07.cpp */ = {isa = PBXFileReference; lastKnownFileType = sourcecode.cpp.cpp; path = hw07.cpp; sourceTree = "<group>"; };
		1477CAD1226288FC003216E1 /* Noble.cpp */ = {isa = PBXFileReference; fileEncoding = 4; lastKnownFileType = sourcecode.cpp.cpp; path = Noble.cpp; sourceTree = "<group>"; };
		1477CAD2226288FC003216E1 /* Noble.hpp */ = {isa = PBXFileReference; fileEncoding = 4; lastKnownFileType = sourcecode.cpp.h; path = Noble.hpp; sourceTree = "<group>"; };
		1477CAD422628963003216E1 /* Protector.cpp */ = {isa = PBXFileReference; fileEncoding = 4; lastKnownFileType = sourcecode.cpp.cpp; path = Protector.cpp; sourceTree = "<group>"; };
		1477CAD522628963003216E1 /* Protector.hpp */ = {isa = PBXFileReference; fileEncoding = 4; lastKnownFileType = sourcecode.cpp.h; path = Protector.hpp; sourceTree = "<group>"; };
/* End PBXFileReference section */

/* Begin PBXFrameworksBuildPhase section */
		14143DB122598968008E8ACF /* Frameworks */ = {
			isa = PBXFrameworksBuildPhase;
			buildActionMask = 2147483647;
			files = (
			);
			runOnlyForDeploymentPostprocessing = 0;
		};
/* End PBXFrameworksBuildPhase section */

/* Begin PBXGroup section */
		14143DAB22598968008E8ACF = {
			isa = PBXGroup;
			children = (
				14143DB622598968008E8ACF /* her277_hw7 */,
				14143DB522598968008E8ACF /* Products */,
			);
			sourceTree = "<group>";
		};
		14143DB522598968008E8ACF /* Products */ = {
			isa = PBXGroup;
			children = (
				14143DB422598968008E8ACF /* her277_hw7 */,
			);
			name = Products;
			sourceTree = "<group>";
		};
		14143DB622598968008E8ACF /* her277_hw7 */ = {
			isa = PBXGroup;
			children = (
				14143DB722598968008E8ACF /* hw07.cpp */,
				1477CAD1226288FC003216E1 /* Noble.cpp */,
				1477CAD2226288FC003216E1 /* Noble.hpp */,
				1477CAD422628963003216E1 /* Protector.cpp */,
				1477CAD522628963003216E1 /* Protector.hpp */,
			);
			path = her277_hw7;
			sourceTree = "<group>";
		};
/* End PBXGroup section */

/* Begin PBXNativeTarget section */
		14143DB322598968008E8ACF /* her277_hw7 */ = {
			isa = PBXNativeTarget;
			buildConfigurationList = 14143DBB22598968008E8ACF /* Build configuration list for PBXNativeTarget "her277_hw7" */;
			buildPhases = (
				14143DB022598968008E8ACF /* Sources */,
				14143DB122598968008E8ACF /* Frameworks */,
				14143DB222598968008E8ACF /* CopyFiles */,
			);
			buildRules = (
			);
			dependencies = (
			);
			name = her277_hw7;
			productName = her277_hw7;
			productReference = 14143DB422598968008E8ACF /* her277_hw7 */;
			productType = "com.apple.product-type.tool";
		};
/* End PBXNativeTarget section */

/* Begin PBXProject section */
		14143DAC22598968008E8ACF /* Project object */ = {
			isa = PBXProject;
			attributes = {
				LastUpgradeCheck = 0820;
				ORGANIZATIONNAME = "Henry Rivera";
				TargetAttributes = {
					14143DB322598968008E8ACF = {
						CreatedOnToolsVersion = 8.2.1;
						ProvisioningStyle = Automatic;
					};
				};
			};
			buildConfigurationList = 14143DAF22598968008E8ACF /* Build configuration list for PBXProject "her277_hw7" */;
			compatibilityVersion = "Xcode 3.2";
			developmentRegion = English;
			hasScannedForEncodings = 0;
			knownRegions = (
				en,
			);
			mainGroup = 14143DAB22598968008E8ACF;
			productRefGroup = 14143DB522598968008E8ACF /* Products */;
			projectDirPath = "";
			projectRoot = "";
			targets = (
				14143DB322598968008E8ACF /* her277_hw7 */,
			);
		};
/* End PBXProject section */

/* Begin PBXSourcesBuildPhase section */
		14143DB022598968008E8ACF /* Sources */ = {
			isa = PBXSourcesBuildPhase;
			buildActionMask = 2147483647;
			files = (
				1477CAD622628963003216E1 /* Protector.cpp in Sources */,
				1477CAD3226288FC003216E1 /* Noble.cpp in Sources */,
				14143DB822598968008E8ACF /* hw07.cpp in Sources */,
			);
			runOnlyForDeploymentPostprocessing = 0;
		};
/* End PBXSourcesBuildPhase section */

/* Begin XCBuildConfiguration section */
		14143DB922598968008E8ACF /* Debug */ = {
			isa = XCBuildConfiguration;
			buildSettings = {
				ALWAYS_SEARCH_USER_PATHS = NO;
				CLANG_ANALYZER_NONNULL = YES;
				CLANG_CXX_LANGUAGE_STANDARD = "gnu++0x";
				CLANG_CXX_LIBRARY = "libc++";
				CLANG_ENABLE_MODULES = YES;
				CLANG_ENABLE_OBJC_ARC = YES;
				CLANG_WARN_BOOL_CONVERSION = YES;
				CLANG_WARN_CONSTANT_CONVERSION = YES;
				CLANG_WARN_DIRECT_OBJC_ISA_USAGE = YES_ERROR;
				CLANG_WARN_DOCUMENTATION_COMMENTS = YES;
				CLANG_WARN_EMPTY_BODY = YES;
				CLANG_WARN_ENUM_CONVERSION = YES;
				CLANG_WARN_INFINITE_RECURSION = YES;
				CLANG_WARN_INT_CONVERSION = YES;
				CLANG_WARN_OBJC_ROOT_CLASS = YES_ERROR;
				CLANG_WARN_SUSPICIOUS_MOVE = YES;
				CLANG_WARN_UNREACHABLE_CODE = YES;
				CLANG_WARN__DUPLICATE_METHOD_MATCH = YES;
				CODE_SIGN_IDENTITY = "-";
				COPY_PHASE_STRIP = NO;
				DEBUG_INFORMATION_FORMAT = dwarf;
				ENABLE_STRICT_OBJC_MSGSEND = YES;
				ENABLE_TESTABILITY = YES;
				GCC_C_LANGUAGE_STANDARD = gnu99;
				GCC_DYNAMIC_NO_PIC = NO;
				GCC_NO_COMMON_BLOCKS = YES;
				GCC_OPTIMIZATION_LEVEL = 0;
				GCC_PREPROCESSOR_DEFINITIONS = (
					"DEBUG=1",
					"$(inherited)",
				);
				GCC_WARN_64_TO_32_BIT_CONVERSION = YES;
				GCC_WARN_ABOUT_RETURN_TYPE = YES_ERROR;
				GCC_WARN_UNDECLARED_SELECTOR = YES;
				GCC_WARN_UNINITIALIZED_AUTOS = YES_AGGRESSIVE;
				GCC_WARN_UNUSED_FUNCTION = YES;
				GCC_WARN_UNUSED_VARIABLE = YES;
				MACOSX_DEPLOYMENT_TARGET = 10.11;
				MTL_ENABLE_DEBUG_INFO = YES;
				ONLY_ACTIVE_ARCH = YES;
				SDKROOT = macosx;
			};
			name = Debug;
		};
		14143DBA22598968008E8ACF /* Release */ = {
			isa = XCBuildConfiguration;
			buildSettings = {
				ALWAYS_SEARCH_USER_PATHS = NO;
				CLANG_ANALYZER_NONNULL = YES;
				CLANG_CXX_LANGUAGE_STANDARD = "gnu++0x";
				CLANG_CXX_LIBRARY = "libc++";
				CLANG_ENABLE_MODULES = YES;
				CLANG_ENABLE_OBJC_ARC = YES;
				CLANG_WARN_BOOL_CONVERSION = YES;
				CLANG_WARN_CONSTANT_CONVERSION = YES;
				CLANG_WARN_DIRECT_OBJC_ISA_USAGE = YES_ERROR;
				CLANG_WARN_DOCUMENTATION_COMMENTS = YES;
				CLANG_WARN_EMPTY_BODY = YES;
				CLANG_WARN_ENUM_CONVERSION = YES;
				CLANG_WARN_INFINITE_RECURSION = YES;
				CLANG_WARN_INT_CONVERSION = YES;
				CLANG_WARN_OBJC_ROOT_CLASS = YES_ERROR;
				CLANG_WARN_SUSPICIOUS_MOVE = YES;
				CLANG_WARN_UNREACHABLE_CODE = YES;
				CLANG_WARN__DUPLICATE_METHOD_MATCH = YES;
				CODE_SIGN_IDENTITY = "-";
				COPY_PHASE_STRIP = NO;
				DEBUG_INFORMATION_FORMAT = "dwarf-with-dsym";
				ENABLE_NS_ASSERTIONS = NO;
				ENABLE_STRICT_OBJC_MSGSEND = YES;
				GCC_C_LANGUAGE_STANDARD = gnu99;
				GCC_NO_COMMON_BLOCKS = YES;
				GCC_WARN_64_TO_32_BIT_CONVERSION = YES;
				GCC_WARN_ABOUT_RETURN_TYPE = YES_ERROR;
				GCC_WARN_UNDECLARED_SELECTOR = YES;
				GCC_WARN_UNINITIALIZED_AUTOS = YES_AGGRESSIVE;
				GCC_WARN_UNUSED_FUNCTION = YES;
				GCC_WARN_UNUSED_VARIABLE = YES;
				MACOSX_DEPLOYMENT_TARGET = 10.11;
				MTL_ENABLE_DEBUG_INFO = NO;
				SDKROOT = macosx;
			};
			name = Release;
		};
		14143DBC22598968008E8ACF /* Debug */ = {
			isa = XCBuildConfiguration;
			buildSettings = {
				PRODUCT_NAME = "$(TARGET_NAME)";
			};
			name = Debug;
		};
		14143DBD22598968008E8ACF /* Release */ = {
			isa = XCBuildConfiguration;
			buildSettings = {
				PRODUCT_NAME = "$(TARGET_NAME)";
			};
			name = Release;
		};
/* End XCBuildConfiguration section */

/* Begin XCConfigurationList section */
		14143DAF22598968008E8ACF /* Build configuration list for PBXProject "her277_hw7" */ = {
			isa = XCConfigurationList;
			buildConfigurations = (
				14143DB922598968008E8ACF /* Debug */,
				14143DBA22598968008E8ACF /* Release */,
			);
			defaultConfigurationIsVisible = 0;
			defaultConfigurationName = Release;
		};
		14143DBB22598968008E8ACF /* Build configuration list for PBXNativeTarget "her277_hw7" */ = {
			isa = XCConfigurationList;
			buildConfigurations = (
				14143DBC22598968008E8ACF /* Debug */,
				14143DBD22598968008E8ACF /* Release */,
			);
			defaultConfigurationIsVisible = 0;
			defaultConfigurationName = Release;
		};
/* End XCConfigurationList section */
	};
	rootObject = 14143DAC22598968008E8ACF /* Project object */;
}
