// !$*UTF8*$!
{
	archiveVersion = 1;
	classes = {
	};
	objectVersion = 46;
	objects = {

/* Begin PBXBuildFile section */
		14DEC8B4224E3CD200EB9BA9 /* rec08.cpp in Sources */ = {isa = PBXBuildFile; fileRef = 14DEC8B3224E3CD200EB9BA9 /* rec08.cpp */; };
/* End PBXBuildFile section */

/* Begin PBXCopyFilesBuildPhase section */
		14DEC8AE224E3CD200EB9BA9 /* CopyFiles */ = {
			isa = PBXCopyFilesBuildPhase;
			buildActionMask = 2147483647;
			dstPath = /usr/share/man/man1/;
			dstSubfolderSpec = 0;
			files = (
			);
			runOnlyForDeploymentPostprocessing = 1;
		};
/* End PBXCopyFilesBuildPhase section */

/* Begin PBXFileReference section */
		14DEC8B0224E3CD200EB9BA9 /* LAB08 */ = {isa = PBXFileReference; explicitFileType = "compiled.mach-o.executable"; includeInIndex = 0; path = LAB08; sourceTree = BUILT_PRODUCTS_DIR; };
		14DEC8B3224E3CD200EB9BA9 /* rec08.cpp */ = {isa = PBXFileReference; lastKnownFileType = sourcecode.cpp.cpp; path = rec08.cpp; sourceTree = "<group>"; };
/* End PBXFileReference section */

/* Begin PBXFrameworksBuildPhase section */
		14DEC8AD224E3CD200EB9BA9 /* Frameworks */ = {
			isa = PBXFrameworksBuildPhase;
			buildActionMask = 2147483647;
			files = (
			);
			runOnlyForDeploymentPostprocessing = 0;
		};
/* End PBXFrameworksBuildPhase section */

/* Begin PBXGroup section */
		14DEC8A7224E3CD200EB9BA9 = {
			isa = PBXGroup;
			children = (
				14DEC8B2224E3CD200EB9BA9 /* LAB08 */,
				14DEC8B1224E3CD200EB9BA9 /* Products */,
			);
			sourceTree = "<group>";
		};
		14DEC8B1224E3CD200EB9BA9 /* Products */ = {
			isa = PBXGroup;
			children = (
				14DEC8B0224E3CD200EB9BA9 /* LAB08 */,
			);
			name = Products;
			sourceTree = "<group>";
		};
		14DEC8B2224E3CD200EB9BA9 /* LAB08 */ = {
			isa = PBXGroup;
			children = (
				14DEC8B3224E3CD200EB9BA9 /* rec08.cpp */,
			);
			path = LAB08;
			sourceTree = "<group>";
		};
/* End PBXGroup section */

/* Begin PBXNativeTarget section */
		14DEC8AF224E3CD200EB9BA9 /* LAB08 */ = {
			isa = PBXNativeTarget;
			buildConfigurationList = 14DEC8B7224E3CD200EB9BA9 /* Build configuration list for PBXNativeTarget "LAB08" */;
			buildPhases = (
				14DEC8AC224E3CD200EB9BA9 /* Sources */,
				14DEC8AD224E3CD200EB9BA9 /* Frameworks */,
				14DEC8AE224E3CD200EB9BA9 /* CopyFiles */,
			);
			buildRules = (
			);
			dependencies = (
			);
			name = LAB08;
			productName = LAB08;
			productReference = 14DEC8B0224E3CD200EB9BA9 /* LAB08 */;
			productType = "com.apple.product-type.tool";
		};
/* End PBXNativeTarget section */

/* Begin PBXProject section */
		14DEC8A8224E3CD200EB9BA9 /* Project object */ = {
			isa = PBXProject;
			attributes = {
				LastUpgradeCheck = 0820;
				ORGANIZATIONNAME = "Henry Rivera";
				TargetAttributes = {
					14DEC8AF224E3CD200EB9BA9 = {
						CreatedOnToolsVersion = 8.2.1;
						ProvisioningStyle = Automatic;
					};
				};
			};
			buildConfigurationList = 14DEC8AB224E3CD200EB9BA9 /* Build configuration list for PBXProject "LAB08" */;
			compatibilityVersion = "Xcode 3.2";
			developmentRegion = English;
			hasScannedForEncodings = 0;
			knownRegions = (
				en,
			);
			mainGroup = 14DEC8A7224E3CD200EB9BA9;
			productRefGroup = 14DEC8B1224E3CD200EB9BA9 /* Products */;
			projectDirPath = "";
			projectRoot = "";
			targets = (
				14DEC8AF224E3CD200EB9BA9 /* LAB08 */,
			);
		};
/* End PBXProject section */

/* Begin PBXSourcesBuildPhase section */
		14DEC8AC224E3CD200EB9BA9 /* Sources */ = {
			isa = PBXSourcesBuildPhase;
			buildActionMask = 2147483647;
			files = (
				14DEC8B4224E3CD200EB9BA9 /* rec08.cpp in Sources */,
			);
			runOnlyForDeploymentPostprocessing = 0;
		};
/* End PBXSourcesBuildPhase section */

/* Begin XCBuildConfiguration section */
		14DEC8B5224E3CD200EB9BA9 /* Debug */ = {
			isa = XCBuildConfiguration;
			buildSettings = {
				ALWAYS_SEARCH_USER_PATHS = NO;
				CLANG_ANALYZER_NONNULL = YES;
				CLANG_CXX_LANGUAGE_STANDARD = "gnu++0x";
				CLANG_CXX_LIBRARY = "libc++";
				CLANG_ENABLE_MODULES = YES;
				CLANG_ENABLE_OBJC_ARC = YES;
				CLANG_WARN_BOOL_CONVERSION = YES;
				CLANG_WARN_CONSTANT_CONVERSION = YES;
				CLANG_WARN_DIRECT_OBJC_ISA_USAGE = YES_ERROR;
				CLANG_WARN_DOCUMENTATION_COMMENTS = YES;
				CLANG_WARN_EMPTY_BODY = YES;
				CLANG_WARN_ENUM_CONVERSION = YES;
				CLANG_WARN_INFINITE_RECURSION = YES;
				CLANG_WARN_INT_CONVERSION = YES;
				CLANG_WARN_OBJC_ROOT_CLASS = YES_ERROR;
				CLANG_WARN_SUSPICIOUS_MOVE = YES;
				CLANG_WARN_UNREACHABLE_CODE = YES;
				CLANG_WARN__DUPLICATE_METHOD_MATCH = YES;
				CODE_SIGN_IDENTITY = "-";
				COPY_PHASE_STRIP = NO;
				DEBUG_INFORMATION_FORMAT = dwarf;
				ENABLE_STRICT_OBJC_MSGSEND = YES;
				ENABLE_TESTABILITY = YES;
				GCC_C_LANGUAGE_STANDARD = gnu99;
				GCC_DYNAMIC_NO_PIC = NO;
				GCC_NO_COMMON_BLOCKS = YES;
				GCC_OPTIMIZATION_LEVEL = 0;
				GCC_PREPROCESSOR_DEFINITIONS = (
					"DEBUG=1",
					"$(inherited)",
				);
				GCC_WARN_64_TO_32_BIT_CONVERSION = YES;
				GCC_WARN_ABOUT_RETURN_TYPE = YES_ERROR;
				GCC_WARN_UNDECLARED_SELECTOR = YES;
				GCC_WARN_UNINITIALIZED_AUTOS = YES_AGGRESSIVE;
				GCC_WARN_UNUSED_FUNCTION = YES;
				GCC_WARN_UNUSED_VARIABLE = YES;
				MACOSX_DEPLOYMENT_TARGET = 10.11;
				MTL_ENABLE_DEBUG_INFO = YES;
				ONLY_ACTIVE_ARCH = YES;
				SDKROOT = macosx;
			};
			name = Debug;
		};
		14DEC8B6224E3CD200EB9BA9 /* Release */ = {
			isa = XCBuildConfiguration;
			buildSettings = {
				ALWAYS_SEARCH_USER_PATHS = NO;
				CLANG_ANALYZER_NONNULL = YES;
				CLANG_CXX_LANGUAGE_STANDARD = "gnu++0x";
				CLANG_CXX_LIBRARY = "libc++";
				CLANG_ENABLE_MODULES = YES;
				CLANG_ENABLE_OBJC_ARC = YES;
				CLANG_WARN_BOOL_CONVERSION = YES;
				CLANG_WARN_CONSTANT_CONVERSION = YES;
				CLANG_WARN_DIRECT_OBJC_ISA_USAGE = YES_ERROR;
				CLANG_WARN_DOCUMENTATION_COMMENTS = YES;
				CLANG_WARN_EMPTY_BODY = YES;
				CLANG_WARN_ENUM_CONVERSION = YES;
				CLANG_WARN_INFINITE_RECURSION = YES;
				CLANG_WARN_INT_CONVERSION = YES;
				CLANG_WARN_OBJC_ROOT_CLASS = YES_ERROR;
				CLANG_WARN_SUSPICIOUS_MOVE = YES;
				CLANG_WARN_UNREACHABLE_CODE = YES;
				CLANG_WARN__DUPLICATE_METHOD_MATCH = YES;
				CODE_SIGN_IDENTITY = "-";
				COPY_PHASE_STRIP = NO;
				DEBUG_INFORMATION_FORMAT = "dwarf-with-dsym";
				ENABLE_NS_ASSERTIONS = NO;
				ENABLE_STRICT_OBJC_MSGSEND = YES;
				GCC_C_LANGUAGE_STANDARD = gnu99;
				GCC_NO_COMMON_BLOCKS = YES;
				GCC_WARN_64_TO_32_BIT_CONVERSION = YES;
				GCC_WARN_ABOUT_RETURN_TYPE = YES_ERROR;
				GCC_WARN_UNDECLARED_SELECTOR = YES;
				GCC_WARN_UNINITIALIZED_AUTOS = YES_AGGRESSIVE;
				GCC_WARN_UNUSED_FUNCTION = YES;
				GCC_WARN_UNUSED_VARIABLE = YES;
				MACOSX_DEPLOYMENT_TARGET = 10.11;
				MTL_ENABLE_DEBUG_INFO = NO;
				SDKROOT = macosx;
			};
			name = Release;
		};
		14DEC8B8224E3CD200EB9BA9 /* Debug */ = {
			isa = XCBuildConfiguration;
			buildSettings = {
				PRODUCT_NAME = "$(TARGET_NAME)";
			};
			name = Debug;
		};
		14DEC8B9224E3CD200EB9BA9 /* Release */ = {
			isa = XCBuildConfiguration;
			buildSettings = {
				PRODUCT_NAME = "$(TARGET_NAME)";
			};
			name = Release;
		};
/* End XCBuildConfiguration section */

/* Begin XCConfigurationList section */
		14DEC8AB224E3CD200EB9BA9 /* Build configuration list for PBXProject "LAB08" */ = {
			isa = XCConfigurationList;
			buildConfigurations = (
				14DEC8B5224E3CD200EB9BA9 /* Debug */,
				14DEC8B6224E3CD200EB9BA9 /* Release */,
			);
			defaultConfigurationIsVisible = 0;
			defaultConfigurationName = Release;
		};
		14DEC8B7224E3CD200EB9BA9 /* Build configuration list for PBXNativeTarget "LAB08" */ = {
			isa = XCConfigurationList;
			buildConfigurations = (
				14DEC8B8224E3CD200EB9BA9 /* Debug */,
				14DEC8B9224E3CD200EB9BA9 /* Release */,
			);
			defaultConfigurationIsVisible = 0;
		};
/* End XCConfigurationList section */
	};
	rootObject = 14DEC8A8224E3CD200EB9BA9 /* Project object */;
}
